{
    "name": "生成二维码。传入链接，即可使用，可快速扫出链接",
    "version": "1.0.7",
    "lockfileVersion": 2,
    "requires": true,
    "packages": {
        "": {
            "name": "生成二维码。传入链接，即可使用，可快速扫出链接",
            "version": "1.0.7",
            "dependencies": {
                "@lucky-canvas/uni": "0.0.10",
                "uni-read-pages": "^1.0.5",
                "uni-simple-router": "^2.0.7"
            }
        },
        "node_modules/@lucky-canvas/uni": {
            "version": "0.0.10",
            "resolved": "https://registry.npmjs.org/@lucky-canvas/uni/-/uni-0.0.10.tgz",
            "integrity": "sha512-1K7SPr0FT1PfHRYXEh9CwOA/UqayxQosOA8wkZ3w3dfpoB8dij8Y6QGPKjHOMvHRRD1qFU3AEY7XVytjuktVaw==",
            "dependencies": {
                "lucky-canvas": "~1.7.19"
            }
        },
        "node_modules/lucky-canvas": {
            "version": "1.7.22",
            "resolved": "https://registry.npmjs.org/lucky-canvas/-/lucky-canvas-1.7.22.tgz",
            "integrity": "sha512-Bv72z0t9IOVro5y+hvZunDfdZ3cfdcBU/1bbmiz7QjhNZkb46/7aKVxfz81MygxBTd/ypy61wTnIpVd+mOkO9A=="
        },
        "node_modules/uni-read-pages": {
            "version": "1.0.5",
            "resolved": "https://registry.npmmirror.com/uni-read-pages/-/uni-read-pages-1.0.5.tgz",
            "integrity": "sha512-GkrrZ0LX0vn9R5k6RKEi0Ez3Q3e2vUpjXQ8Z6/K/d28KudI9ajqgt8WEjQFlG5EPm1K6uTArN8LlqmZTEixDUA==",
            "hasInstallScript": true
        },
        "node_modules/uni-simple-router": {
            "version": "2.0.7",
            "resolved": "https://registry.npmmirror.com/uni-simple-router/-/uni-simple-router-2.0.7.tgz",
            "integrity": "sha512-8FKv5dw7Eoonm0gkO8udprrxzin0fNUI0+AvIphFkFRH5ZmP5ZWJ2pvnWzb2NiiqQSECTSU5VSB7HhvOSwD5eA=="
        }
    },
    "dependencies": {
        "@lucky-canvas/uni": {
            "version": "0.0.10",
            "resolved": "https://registry.npmjs.org/@lucky-canvas/uni/-/uni-0.0.10.tgz",
            "integrity": "sha512-1K7SPr0FT1PfHRYXEh9CwOA/UqayxQosOA8wkZ3w3dfpoB8dij8Y6QGPKjHOMvHRRD1qFU3AEY7XVytjuktVaw==",
            "requires": {
                "lucky-canvas": "~1.7.19"
            }
        },
        "lucky-canvas": {
            "version": "1.7.22",
            "resolved": "https://registry.npmjs.org/lucky-canvas/-/lucky-canvas-1.7.22.tgz",
            "integrity": "sha512-Bv72z0t9IOVro5y+hvZunDfdZ3cfdcBU/1bbmiz7QjhNZkb46/7aKVxfz81MygxBTd/ypy61wTnIpVd+mOkO9A=="
        },
        "uni-read-pages": {
            "version": "1.0.5",
            "resolved": "https://registry.npmmirror.com/uni-read-pages/-/uni-read-pages-1.0.5.tgz",
            "integrity": "sha512-GkrrZ0LX0vn9R5k6RKEi0Ez3Q3e2vUpjXQ8Z6/K/d28KudI9ajqgt8WEjQFlG5EPm1K6uTArN8LlqmZTEixDUA=="
        },
        "uni-simple-router": {
            "version": "2.0.7",
            "resolved": "https://registry.npmmirror.com/uni-simple-router/-/uni-simple-router-2.0.7.tgz",
            "integrity": "sha512-8FKv5dw7Eoonm0gkO8udprrxzin0fNUI0+AvIphFkFRH5ZmP5ZWJ2pvnWzb2NiiqQSECTSU5VSB7HhvOSwD5eA=="
        }
    }
}
